
Microsoft Visual Studio Solution File, Format Version 12.00
# Visual Studio Version 17
VisualStudioVersion = 17.5.33627.172
MinimumVisualStudioVersion = 10.0.40219.1
Project("{FAE04EC0-301F-11D3-BF4B-00C04F79EFBC}") = "Spoken Gloves Project", "Spoken Gloves Project\Spoken Gloves Project.csproj", "{5382E8BB-320A-4B0A-9755-92E60D0ECD79}"
EndProject
Project("{FAE04EC0-301F-11D3-BF4B-00C04F79EFBC}") = "SpokenGlovesBussiness1", "SpokenGlovesBussiness1\SpokenGlovesBussiness1.csproj", "{59D38268-6F7E-4506-B6D9-B225FC4A97D8}"
EndProject
Project("{FAE04EC0-301F-11D3-BF4B-00C04F79EFBC}") = "SpokenGlovesDataAccess1", "SpokenGlovesDataAccess1\SpokenGlovesDataAccess1.csproj", "{2BB6FDDA-8AB2-4FA0-8DB7-DC33D06D5E17}"
EndProject
Global
	GlobalSection(SolutionConfigurationPlatforms) = preSolution
		Debug|Any CPU = Debug|Any CPU
		Release|Any CPU = Release|Any CPU
	EndGlobalSection
	GlobalSection(ProjectConfigurationPlatforms) = postSolution
		{5382E8BB-320A-4B0A-9755-92E60D0ECD79}.Debug|Any CPU.ActiveCfg = Debug|Any CPU
		{5382E8BB-320A-4B0A-9755-92E60D0ECD79}.Debug|Any CPU.Build.0 = Debug|Any CPU
		{5382E8BB-320A-4B0A-9755-92E60D0ECD79}.Release|Any CPU.ActiveCfg = Release|Any CPU
		{5382E8BB-320A-4B0A-9755-92E60D0ECD79}.Release|Any CPU.Build.0 = Release|Any CPU
		{59D38268-6F7E-4506-B6D9-B225FC4A97D8}.Debug|Any CPU.ActiveCfg = Debug|Any CPU
		{59D38268-6F7E-4506-B6D9-B225FC4A97D8}.Debug|Any CPU.Build.0 = Debug|Any CPU
		{59D38268-6F7E-4506-B6D9-B225FC4A97D8}.Release|Any CPU.ActiveCfg = Release|Any CPU
		{59D38268-6F7E-4506-B6D9-B225FC4A97D8}.Release|Any CPU.Build.0 = Release|Any CPU
		{2BB6FDDA-8AB2-4FA0-8DB7-DC33D06D5E17}.Debug|Any CPU.ActiveCfg = Debug|Any CPU
		{2BB6FDDA-8AB2-4FA0-8DB7-DC33D06D5E17}.Debug|Any CPU.Build.0 = Debug|Any CPU
		{2BB6FDDA-8AB2-4FA0-8DB7-DC33D06D5E17}.Release|Any CPU.ActiveCfg = Release|Any CPU
		{2BB6FDDA-8AB2-4FA0-8DB7-DC33D06D5E17}.Release|Any CPU.Build.0 = Release|Any CPU
	EndGlobalSection
	GlobalSection(SolutionProperties) = preSolution
		HideSolutionNode = FALSE
	EndGlobalSection
	GlobalSection(ExtensibilityGlobals) = postSolution
		SolutionGuid = {3D7C7FE7-EF8B-45B5-84A7-D2340046A11E}
	EndGlobalSection
EndGlobal
